
Microsoft Visual Studio Solution File, Format Version 12.00
# Visual Studio Version 17
VisualStudioVersion = 17.5.33530.505
MinimumVisualStudioVersion = 10.0.40219.1
Project("{FAE04EC0-301F-11D3-BF4B-00C04F79EFBC}") = "TaskManager", "TaskManager\TaskManager.csproj", "{0C4578BF-469E-4C84-A443-6BEE43E0110B}"
EndProject
Global
	GlobalSection(SolutionConfigurationPlatforms) = preSolution
		Debug|Any CPU = Debug|Any CPU
		Release|Any CPU = Release|Any CPU
	EndGlobalSection
	GlobalSection(ProjectConfigurationPlatforms) = postSolution
		{0C4578BF-469E-4C84-A443-6BEE43E0110B}.Debug|Any CPU.ActiveCfg = Debug|Any CPU
		{0C4578BF-469E-4C84-A443-6BEE43E0110B}.Debug|Any CPU.Build.0 = Debug|Any CPU
		{0C4578BF-469E-4C84-A443-6BEE43E0110B}.Release|Any CPU.ActiveCfg = Release|Any CPU
		{0C4578BF-469E-4C84-A443-6BEE43E0110B}.Release|Any CPU.Build.0 = Release|Any CPU
	EndGlobalSection
	GlobalSection(SolutionProperties) = preSolution
		HideSolutionNode = FALSE
	EndGlobalSection
	GlobalSection(ExtensibilityGlobals) = postSolution
		SolutionGuid = {98CB635D-392F-4ADC-8117-FD1C321D3462}
	EndGlobalSection
EndGlobal
